
Microsoft Visual Studio Solution File, Format Version 12.00
# Visual Studio Version 16
VisualStudioVersion = 16.0.29123.88
MinimumVisualStudioVersion = 10.0.40219.1
Project("{9A19103F-16F7-4668-BE54-9A1E7A4F7556}") = "VMS.DataModel.Core", "VMS.DataModel.Core\VMS.DataModel.Core.csproj", "{F997AB21-2571-4B62-B93E-998F6F275DD3}"
EndProject
Global
	GlobalSection(SolutionConfigurationPlatforms) = preSolution
		Debug|Any CPU = Debug|Any CPU
		Release|Any CPU = Release|Any CPU
	EndGlobalSection
	GlobalSection(ProjectConfigurationPlatforms) = postSolution
		{F997AB21-2571-4B62-B93E-998F6F275DD3}.Debug|Any CPU.ActiveCfg = Debug|Any CPU
		{F997AB21-2571-4B62-B93E-998F6F275DD3}.Debug|Any CPU.Build.0 = Debug|Any CPU
		{F997AB21-2571-4B62-B93E-998F6F275DD3}.Release|Any CPU.ActiveCfg = Release|Any CPU
		{F997AB21-2571-4B62-B93E-998F6F275DD3}.Release|Any CPU.Build.0 = Release|Any CPU
	EndGlobalSection
	GlobalSection(SolutionProperties) = preSolution
		HideSolutionNode = FALSE
	EndGlobalSection
	GlobalSection(ExtensibilityGlobals) = postSolution
		SolutionGuid = {15340C70-409E-4E35-AD6D-D1A375133F65}
	EndGlobalSection
EndGlobal
